
Microsoft Visual Studio Solution File, Format Version 12.00
# Visual Studio 15
Project("{FAE04EC0-301F-11D3-BF4B-00C04F79EFBC}") = "Assembly-CSharp", "Assembly-CSharp.csproj", "{01F9A192-824E-9CD2-ADEA-703C21F44BE5}"
EndProject
Project("{FAE04EC0-301F-11D3-BF4B-00C04F79EFBC}") = "Assembly-CSharp-Editor", "Assembly-CSharp-Editor.csproj", "{F6A0D51E-F7A1-D5CA-EE95-E9C6C21D2794}"
EndProject
Global
	GlobalSection(SolutionConfigurationPlatforms) = preSolution
		Debug|Any CPU = Debug|Any CPU
		Release|Any CPU = Release|Any CPU
	EndGlobalSection
	GlobalSection(ProjectConfigurationPlatforms) = postSolution
		{01F9A192-824E-9CD2-ADEA-703C21F44BE5}.Debug|Any CPU.ActiveCfg = Debug|Any CPU
		{01F9A192-824E-9CD2-ADEA-703C21F44BE5}.Debug|Any CPU.Build.0 = Debug|Any CPU
		{01F9A192-824E-9CD2-ADEA-703C21F44BE5}.Release|Any CPU.ActiveCfg = Release|Any CPU
		{01F9A192-824E-9CD2-ADEA-703C21F44BE5}.Release|Any CPU.Build.0 = Release|Any CPU
		{F6A0D51E-F7A1-D5CA-EE95-E9C6C21D2794}.Debug|Any CPU.ActiveCfg = Debug|Any CPU
		{F6A0D51E-F7A1-D5CA-EE95-E9C6C21D2794}.Debug|Any CPU.Build.0 = Debug|Any CPU
		{F6A0D51E-F7A1-D5CA-EE95-E9C6C21D2794}.Release|Any CPU.ActiveCfg = Release|Any CPU
		{F6A0D51E-F7A1-D5CA-EE95-E9C6C21D2794}.Release|Any CPU.Build.0 = Release|Any CPU
	EndGlobalSection
	GlobalSection(SolutionProperties) = preSolution
		HideSolutionNode = FALSE
	EndGlobalSection
EndGlobal
